
Microsoft Visual Studio Solution File, Format Version 12.00
# Visual Studio Version 17
VisualStudioVersion = 17.0.31903.59
MinimumVisualStudioVersion = 10.0.40219.1
Project("{FAE04EC0-301F-11D3-BF4B-00C04F79EFBC}") = "CsvInserterService.Api", "CsvInserterService.Api\CsvInserterService.Api.csproj", "{BF95781E-7B1C-465B-A54D-DEDA49AF47E5}"
EndProject
Project("{FAE04EC0-301F-11D3-BF4B-00C04F79EFBC}") = "CsvInserterService.Application", "CsvInserterService.Application\CsvInserterService.Application.csproj", "{9B184B5C-CC8F-4EAD-98F7-464200D29DF1}"
EndProject
Project("{FAE04EC0-301F-11D3-BF4B-00C04F79EFBC}") = "CsvInserterService.Domain", "CsvInserterService.Domain\CsvInserterService.Domain.csproj", "{90C4E4F1-6293-45D2-955D-9630CF7E110C}"
EndProject
Project("{FAE04EC0-301F-11D3-BF4B-00C04F79EFBC}") = "CsvInserterService.Infrastructure", "CsvInserterService.Infrastructure\CsvInserterService.Infrastructure.csproj", "{06978A2D-BCDC-4585-A003-0A24CBCBB012}"
EndProject
Global
	GlobalSection(SolutionConfigurationPlatforms) = preSolution
		Debug|Any CPU = Debug|Any CPU
		Debug|x64 = Debug|x64
		Debug|x86 = Debug|x86
		Release|Any CPU = Release|Any CPU
		Release|x64 = Release|x64
		Release|x86 = Release|x86
	EndGlobalSection
	GlobalSection(ProjectConfigurationPlatforms) = postSolution
		{BF95781E-7B1C-465B-A54D-DEDA49AF47E5}.Debug|Any CPU.ActiveCfg = Debug|Any CPU
		{BF95781E-7B1C-465B-A54D-DEDA49AF47E5}.Debug|Any CPU.Build.0 = Debug|Any CPU
		{BF95781E-7B1C-465B-A54D-DEDA49AF47E5}.Debug|x64.ActiveCfg = Debug|Any CPU
		{BF95781E-7B1C-465B-A54D-DEDA49AF47E5}.Debug|x64.Build.0 = Debug|Any CPU
		{BF95781E-7B1C-465B-A54D-DEDA49AF47E5}.Debug|x86.ActiveCfg = Debug|Any CPU
		{BF95781E-7B1C-465B-A54D-DEDA49AF47E5}.Debug|x86.Build.0 = Debug|Any CPU
		{BF95781E-7B1C-465B-A54D-DEDA49AF47E5}.Release|Any CPU.ActiveCfg = Release|Any CPU
		{BF95781E-7B1C-465B-A54D-DEDA49AF47E5}.Release|Any CPU.Build.0 = Release|Any CPU
		{BF95781E-7B1C-465B-A54D-DEDA49AF47E5}.Release|x64.ActiveCfg = Release|Any CPU
		{BF95781E-7B1C-465B-A54D-DEDA49AF47E5}.Release|x64.Build.0 = Release|Any CPU
		{BF95781E-7B1C-465B-A54D-DEDA49AF47E5}.Release|x86.ActiveCfg = Release|Any CPU
		{BF95781E-7B1C-465B-A54D-DEDA49AF47E5}.Release|x86.Build.0 = Release|Any CPU
		{9B184B5C-CC8F-4EAD-98F7-464200D29DF1}.Debug|Any CPU.ActiveCfg = Debug|Any CPU
		{9B184B5C-CC8F-4EAD-98F7-464200D29DF1}.Debug|Any CPU.Build.0 = Debug|Any CPU
		{9B184B5C-CC8F-4EAD-98F7-464200D29DF1}.Debug|x64.ActiveCfg = Debug|Any CPU
		{9B184B5C-CC8F-4EAD-98F7-464200D29DF1}.Debug|x64.Build.0 = Debug|Any CPU
		{9B184B5C-CC8F-4EAD-98F7-464200D29DF1}.Debug|x86.ActiveCfg = Debug|Any CPU
		{9B184B5C-CC8F-4EAD-98F7-464200D29DF1}.Debug|x86.Build.0 = Debug|Any CPU
		{9B184B5C-CC8F-4EAD-98F7-464200D29DF1}.Release|Any CPU.ActiveCfg = Release|Any CPU
		{9B184B5C-CC8F-4EAD-98F7-464200D29DF1}.Release|Any CPU.Build.0 = Release|Any CPU
		{9B184B5C-CC8F-4EAD-98F7-464200D29DF1}.Release|x64.ActiveCfg = Release|Any CPU
		{9B184B5C-CC8F-4EAD-98F7-464200D29DF1}.Release|x64.Build.0 = Release|Any CPU
		{9B184B5C-CC8F-4EAD-98F7-464200D29DF1}.Release|x86.ActiveCfg = Release|Any CPU
		{9B184B5C-CC8F-4EAD-98F7-464200D29DF1}.Release|x86.Build.0 = Release|Any CPU
		{90C4E4F1-6293-45D2-955D-9630CF7E110C}.Debug|Any CPU.ActiveCfg = Debug|Any CPU
		{90C4E4F1-6293-45D2-955D-9630CF7E110C}.Debug|Any CPU.Build.0 = Debug|Any CPU
		{90C4E4F1-6293-45D2-955D-9630CF7E110C}.Debug|x64.ActiveCfg = Debug|Any CPU
		{90C4E4F1-6293-45D2-955D-9630CF7E110C}.Debug|x64.Build.0 = Debug|Any CPU
		{90C4E4F1-6293-45D2-955D-9630CF7E110C}.Debug|x86.ActiveCfg = Debug|Any CPU
		{90C4E4F1-6293-45D2-955D-9630CF7E110C}.Debug|x86.Build.0 = Debug|Any CPU
		{90C4E4F1-6293-45D2-955D-9630CF7E110C}.Release|Any CPU.ActiveCfg = Release|Any CPU
		{90C4E4F1-6293-45D2-955D-9630CF7E110C}.Release|Any CPU.Build.0 = Release|Any CPU
		{90C4E4F1-6293-45D2-955D-9630CF7E110C}.Release|x64.ActiveCfg = Release|Any CPU
		{90C4E4F1-6293-45D2-955D-9630CF7E110C}.Release|x64.Build.0 = Release|Any CPU
		{90C4E4F1-6293-45D2-955D-9630CF7E110C}.Release|x86.ActiveCfg = Release|Any CPU
		{90C4E4F1-6293-45D2-955D-9630CF7E110C}.Release|x86.Build.0 = Release|Any CPU
		{06978A2D-BCDC-4585-A003-0A24CBCBB012}.Debug|Any CPU.ActiveCfg = Debug|Any CPU
		{06978A2D-BCDC-4585-A003-0A24CBCBB012}.Debug|Any CPU.Build.0 = Debug|Any CPU
		{06978A2D-BCDC-4585-A003-0A24CBCBB012}.Debug|x64.ActiveCfg = Debug|Any CPU
		{06978A2D-BCDC-4585-A003-0A24CBCBB012}.Debug|x64.Build.0 = Debug|Any CPU
		{06978A2D-BCDC-4585-A003-0A24CBCBB012}.Debug|x86.ActiveCfg = Debug|Any CPU
		{06978A2D-BCDC-4585-A003-0A24CBCBB012}.Debug|x86.Build.0 = Debug|Any CPU
		{06978A2D-BCDC-4585-A003-0A24CBCBB012}.Release|Any CPU.ActiveCfg = Release|Any CPU
		{06978A2D-BCDC-4585-A003-0A24CBCBB012}.Release|Any CPU.Build.0 = Release|Any CPU
		{06978A2D-BCDC-4585-A003-0A24CBCBB012}.Release|x64.ActiveCfg = Release|Any CPU
		{06978A2D-BCDC-4585-A003-0A24CBCBB012}.Release|x64.Build.0 = Release|Any CPU
		{06978A2D-BCDC-4585-A003-0A24CBCBB012}.Release|x86.ActiveCfg = Release|Any CPU
		{06978A2D-BCDC-4585-A003-0A24CBCBB012}.Release|x86.Build.0 = Release|Any CPU
	EndGlobalSection
	GlobalSection(SolutionProperties) = preSolution
		HideSolutionNode = FALSE
	EndGlobalSection
EndGlobal
